
Microsoft Visual Studio Solution File, Format Version 12.00
# Visual Studio Version 17
VisualStudioVersion = 17.9.34723.18
MinimumVisualStudioVersion = 10.0.40219.1
Project("{8BC9CEB8-8B4A-11D0-8D11-00A0C91BC942}") = "meta systeam", "meta systeam.vcxproj", "{2FE9F789-223D-4F76-AA3D-3EB420DBE2F1}"
EndProject
Global
	GlobalSection(SolutionConfigurationPlatforms) = preSolution
		Debug|x64 = Debug|x64
		Release|x64 = Release|x64
	EndGlobalSection
	GlobalSection(ProjectConfigurationPlatforms) = postSolution
		{2FE9F789-223D-4F76-AA3D-3EB420DBE2F1}.Debug|x64.ActiveCfg = Debug|x64
		{2FE9F789-223D-4F76-AA3D-3EB420DBE2F1}.Debug|x64.Build.0 = Debug|x64
		{2FE9F789-223D-4F76-AA3D-3EB420DBE2F1}.Release|x64.ActiveCfg = Release|x64
		{2FE9F789-223D-4F76-AA3D-3EB420DBE2F1}.Release|x64.Build.0 = Release|x64
	EndGlobalSection
	GlobalSection(SolutionProperties) = preSolution
		HideSolutionNode = FALSE
	EndGlobalSection
	GlobalSection(ExtensibilityGlobals) = postSolution
		SolutionGuid = {0406E2F0-AF9B-4698-A8E2-400BBD822048}
	EndGlobalSection
EndGlobal
